// !$*UTF8*$!
{
	archiveVersion = 1;
	classes = {
	};
	objectVersion = 55;
	objects = {

/* Begin PBXBuildFile section */
		2F4D1F8DC159C288795F74EA /* Pods_NewAppStore.framework in Frameworks */ = {isa = PBXBuildFile; fileRef = 9F4D424A2CF159D3F4657EFC /* Pods_NewAppStore.framework */; };
		DC22415F29C17B2200A43A22 /* SearchResultCollectionViewCell.swift in Sources */ = {isa = PBXBuildFile; fileRef = DC22415E29C17B2200A43A22 /* SearchResultCollectionViewCell.swift */; };
		DC324F5629CC04C300C46245 /* SnappingLayout.swift in Sources */ = {isa = PBXBuildFile; fileRef = DC324F5529CC04C300C46245 /* SnappingLayout.swift */; };
		DC324F5829CC04DF00C46245 /* HorizontalSnappingController.swift in Sources */ = {isa = PBXBuildFile; fileRef = DC324F5729CC04DF00C46245 /* HorizontalSnappingController.swift */; };
		DC48A7CE29C2CA4F006711D3 /* SearchResult.swift in Sources */ = {isa = PBXBuildFile; fileRef = DC48A7CD29C2CA4F006711D3 /* SearchResult.swift */; };
		DC48A7D029C2D690006711D3 /* UIVIew+layout.swift in Sources */ = {isa = PBXBuildFile; fileRef = DC48A7CF29C2D690006711D3 /* UIVIew+layout.swift */; };
		DC701AD929CAB2F600790FFC /* SocialApp.swift in Sources */ = {isa = PBXBuildFile; fileRef = DC701AD829CAB2F600790FFC /* SocialApp.swift */; };
		DC7BAA6129C95D0E00ED1547 /* AppGroup.swift in Sources */ = {isa = PBXBuildFile; fileRef = DC7BAA6029C95D0E00ED1547 /* AppGroup.swift */; };
		DC7DD56F29CEB21500BB9858 /* PreviewCell.swift in Sources */ = {isa = PBXBuildFile; fileRef = DC7DD56E29CEB21500BB9858 /* PreviewCell.swift */; };
		DC7DD57129CEB98A00BB9858 /* AppDetailsHorizontalPreviewController.swift in Sources */ = {isa = PBXBuildFile; fileRef = DC7DD57029CEB98A00BB9858 /* AppDetailsHorizontalPreviewController.swift */; };
		DC7DD57329CEBAFD00BB9858 /* ScreenShotCell.swift in Sources */ = {isa = PBXBuildFile; fileRef = DC7DD57229CEBAFD00BB9858 /* ScreenShotCell.swift */; };
		DCB2CDDA29C09FDB00E1CE5A /* AppDelegate.swift in Sources */ = {isa = PBXBuildFile; fileRef = DCB2CDD929C09FDB00E1CE5A /* AppDelegate.swift */; };
		DCB2CDDC29C09FDB00E1CE5A /* SceneDelegate.swift in Sources */ = {isa = PBXBuildFile; fileRef = DCB2CDDB29C09FDB00E1CE5A /* SceneDelegate.swift */; };
		DCB2CDDE29C09FDB00E1CE5A /* ViewController.swift in Sources */ = {isa = PBXBuildFile; fileRef = DCB2CDDD29C09FDB00E1CE5A /* ViewController.swift */; };
		DCB2CDE129C09FDB00E1CE5A /* Main.storyboard in Resources */ = {isa = PBXBuildFile; fileRef = DCB2CDDF29C09FDB00E1CE5A /* Main.storyboard */; };
		DCB2CDE329C09FDD00E1CE5A /* Assets.xcassets in Resources */ = {isa = PBXBuildFile; fileRef = DCB2CDE229C09FDD00E1CE5A /* Assets.xcassets */; };
		DCB2CDE629C09FDD00E1CE5A /* LaunchScreen.storyboard in Resources */ = {isa = PBXBuildFile; fileRef = DCB2CDE429C09FDD00E1CE5A /* LaunchScreen.storyboard */; };
		DCB2CDF029C0A12600E1CE5A /* BaseTabBarController.swift in Sources */ = {isa = PBXBuildFile; fileRef = DCB2CDEF29C0A12600E1CE5A /* BaseTabBarController.swift */; };
		DCB6ABB329C1728100B3BF4E /* SearchController.swift in Sources */ = {isa = PBXBuildFile; fileRef = DCB6ABB229C1728100B3BF4E /* SearchController.swift */; };
		DCBB2E0229C4B52900D33528 /* Service.swift in Sources */ = {isa = PBXBuildFile; fileRef = DCBB2E0129C4B52900D33528 /* Service.swift */; };
		DCC3DAA729C5910E009913E0 /* AppsController.swift in Sources */ = {isa = PBXBuildFile; fileRef = DCC3DAA629C5910E009913E0 /* AppsController.swift */; };
		DCC3DAAA29C591FE009913E0 /* AppsCollectionViewCell.swift in Sources */ = {isa = PBXBuildFile; fileRef = DCC3DAA929C591FE009913E0 /* AppsCollectionViewCell.swift */; };
		DCC3DAAD29C59405009913E0 /* AppsHorizontalController.swift in Sources */ = {isa = PBXBuildFile; fileRef = DCC3DAAC29C59405009913E0 /* AppsHorizontalController.swift */; };
		DCC5DA6229CD5C4D00A0E79F /* AppDetailsCell.swift in Sources */ = {isa = PBXBuildFile; fileRef = DCC5DA6129CD5C4D00A0E79F /* AppDetailsCell.swift */; };
		DCCA96E029CD4E9400CBB46C /* AppDetailsController.swift in Sources */ = {isa = PBXBuildFile; fileRef = DCCA96DF29CD4E9400CBB46C /* AppDetailsController.swift */; };
		DCD7AD5B29D144990074C1B7 /* ReviewRowCell.swift in Sources */ = {isa = PBXBuildFile; fileRef = DCD7AD5A29D144990074C1B7 /* ReviewRowCell.swift */; };
		DCD7AD5D29D146010074C1B7 /* HorizontalReviewController.swift in Sources */ = {isa = PBXBuildFile; fileRef = DCD7AD5C29D146010074C1B7 /* HorizontalReviewController.swift */; };
		DCD7AD5F29D146CC0074C1B7 /* ReviewCell.swift in Sources */ = {isa = PBXBuildFile; fileRef = DCD7AD5E29D146CC0074C1B7 /* ReviewCell.swift */; };
		DCD7AD6129D14D7F0074C1B7 /* Reviews.swift in Sources */ = {isa = PBXBuildFile; fileRef = DCD7AD6029D14D7F0074C1B7 /* Reviews.swift */; };
		DCFC098E29C8335200CC2082 /* AppRowCell.swift in Sources */ = {isa = PBXBuildFile; fileRef = DCFC098D29C8335200CC2082 /* AppRowCell.swift */; };
		DCFC099029C83F2400CC2082 /* AppHeader.swift in Sources */ = {isa = PBXBuildFile; fileRef = DCFC098F29C83F2400CC2082 /* AppHeader.swift */; };
		DCFC099229C83FEE00CC2082 /* AppHeaderHorizontalController.swift in Sources */ = {isa = PBXBuildFile; fileRef = DCFC099129C83FEE00CC2082 /* AppHeaderHorizontalController.swift */; };
		DCFC099429C841BF00CC2082 /* AppHeaderCell.swift in Sources */ = {isa = PBXBuildFile; fileRef = DCFC099329C841BF00CC2082 /* AppHeaderCell.swift */; };
/* End PBXBuildFile section */

/* Begin PBXFileReference section */
		9F4D424A2CF159D3F4657EFC /* Pods_NewAppStore.framework */ = {isa = PBXFileReference; explicitFileType = wrapper.framework; includeInIndex = 0; path = Pods_NewAppStore.framework; sourceTree = BUILT_PRODUCTS_DIR; };
		AD899D323E7B4505816C8C4F /* Pods-NewAppStore.release.xcconfig */ = {isa = PBXFileReference; includeInIndex = 1; lastKnownFileType = text.xcconfig; name = "Pods-NewAppStore.release.xcconfig"; path = "Target Support Files/Pods-NewAppStore/Pods-NewAppStore.release.xcconfig"; sourceTree = "<group>"; };
		BDD0DC4B1657D86280CF1BAE /* Pods-NewAppStore.debug.xcconfig */ = {isa = PBXFileReference; includeInIndex = 1; lastKnownFileType = text.xcconfig; name = "Pods-NewAppStore.debug.xcconfig"; path = "Target Support Files/Pods-NewAppStore/Pods-NewAppStore.debug.xcconfig"; sourceTree = "<group>"; };
		DC22415E29C17B2200A43A22 /* SearchResultCollectionViewCell.swift */ = {isa = PBXFileReference; lastKnownFileType = sourcecode.swift; path = SearchResultCollectionViewCell.swift; sourceTree = "<group>"; };
		DC324F5529CC04C300C46245 /* SnappingLayout.swift */ = {isa = PBXFileReference; lastKnownFileType = sourcecode.swift; path = SnappingLayout.swift; sourceTree = "<group>"; };
		DC324F5729CC04DF00C46245 /* HorizontalSnappingController.swift */ = {isa = PBXFileReference; lastKnownFileType = sourcecode.swift; path = HorizontalSnappingController.swift; sourceTree = "<group>"; };
		DC48A7CD29C2CA4F006711D3 /* SearchResult.swift */ = {isa = PBXFileReference; lastKnownFileType = sourcecode.swift; path = SearchResult.swift; sourceTree = "<group>"; };
		DC48A7CF29C2D690006711D3 /* UIVIew+layout.swift */ = {isa = PBXFileReference; lastKnownFileType = sourcecode.swift; path = "UIVIew+layout.swift"; sourceTree = "<group>"; };
		DC701AD829CAB2F600790FFC /* SocialApp.swift */ = {isa = PBXFileReference; lastKnownFileType = sourcecode.swift; path = SocialApp.swift; sourceTree = "<group>"; };
		DC7BAA6029C95D0E00ED1547 /* AppGroup.swift */ = {isa = PBXFileReference; lastKnownFileType = sourcecode.swift; path = AppGroup.swift; sourceTree = "<group>"; };
		DC7DD56E29CEB21500BB9858 /* PreviewCell.swift */ = {isa = PBXFileReference; lastKnownFileType = sourcecode.swift; path = PreviewCell.swift; sourceTree = "<group>"; };
		DC7DD57029CEB98A00BB9858 /* AppDetailsHorizontalPreviewController.swift */ = {isa = PBXFileReference; lastKnownFileType = sourcecode.swift; path = AppDetailsHorizontalPreviewController.swift; sourceTree = "<group>"; };
		DC7DD57229CEBAFD00BB9858 /* ScreenShotCell.swift */ = {isa = PBXFileReference; lastKnownFileType = sourcecode.swift; path = ScreenShotCell.swift; sourceTree = "<group>"; };
		DCB2CDD629C09FDB00E1CE5A /* NewAppStore.app */ = {isa = PBXFileReference; explicitFileType = wrapper.application; includeInIndex = 0; path = NewAppStore.app; sourceTree = BUILT_PRODUCTS_DIR; };
		DCB2CDD929C09FDB00E1CE5A /* AppDelegate.swift */ = {isa = PBXFileReference; lastKnownFileType = sourcecode.swift; path = AppDelegate.swift; sourceTree = "<group>"; };
		DCB2CDDB29C09FDB00E1CE5A /* SceneDelegate.swift */ = {isa = PBXFileReference; lastKnownFileType = sourcecode.swift; path = SceneDelegate.swift; sourceTree = "<group>"; };
		DCB2CDDD29C09FDB00E1CE5A /* ViewController.swift */ = {isa = PBXFileReference; lastKnownFileType = sourcecode.swift; path = ViewController.swift; sourceTree = "<group>"; };
		DCB2CDE029C09FDB00E1CE5A /* Base */ = {isa = PBXFileReference; lastKnownFileType = file.storyboard; name = Base; path = Base.lproj/Main.storyboard; sourceTree = "<group>"; };
		DCB2CDE229C09FDD00E1CE5A /* Assets.xcassets */ = {isa = PBXFileReference; lastKnownFileType = folder.assetcatalog; path = Assets.xcassets; sourceTree = "<group>"; };
		DCB2CDE529C09FDD00E1CE5A /* Base */ = {isa = PBXFileReference; lastKnownFileType = file.storyboard; name = Base; path = Base.lproj/LaunchScreen.storyboard; sourceTree = "<group>"; };
		DCB2CDE729C09FDD00E1CE5A /* Info.plist */ = {isa = PBXFileReference; lastKnownFileType = text.plist.xml; path = Info.plist; sourceTree = "<group>"; };
		DCB2CDEF29C0A12600E1CE5A /* BaseTabBarController.swift */ = {isa = PBXFileReference; lastKnownFileType = sourcecode.swift; path = BaseTabBarController.swift; sourceTree = "<group>"; };
		DCB6ABB229C1728100B3BF4E /* SearchController.swift */ = {isa = PBXFileReference; lastKnownFileType = sourcecode.swift; path = SearchController.swift; sourceTree = "<group>"; };
		DCBB2E0129C4B52900D33528 /* Service.swift */ = {isa = PBXFileReference; lastKnownFileType = sourcecode.swift; path = Service.swift; sourceTree = "<group>"; };
		DCC3DAA629C5910E009913E0 /* AppsController.swift */ = {isa = PBXFileReference; lastKnownFileType = sourcecode.swift; path = AppsController.swift; sourceTree = "<group>"; };
		DCC3DAA929C591FE009913E0 /* AppsCollectionViewCell.swift */ = {isa = PBXFileReference; lastKnownFileType = sourcecode.swift; path = AppsCollectionViewCell.swift; sourceTree = "<group>"; };
		DCC3DAAC29C59405009913E0 /* AppsHorizontalController.swift */ = {isa = PBXFileReference; lastKnownFileType = sourcecode.swift; path = AppsHorizontalController.swift; sourceTree = "<group>"; };
		DCC5DA6129CD5C4D00A0E79F /* AppDetailsCell.swift */ = {isa = PBXFileReference; lastKnownFileType = sourcecode.swift; path = AppDetailsCell.swift; sourceTree = "<group>"; };
		DCCA96DF29CD4E9400CBB46C /* AppDetailsController.swift */ = {isa = PBXFileReference; lastKnownFileType = sourcecode.swift; path = AppDetailsController.swift; sourceTree = "<group>"; };
		DCD7AD5A29D144990074C1B7 /* ReviewRowCell.swift */ = {isa = PBXFileReference; lastKnownFileType = sourcecode.swift; path = ReviewRowCell.swift; sourceTree = "<group>"; };
		DCD7AD5C29D146010074C1B7 /* HorizontalReviewController.swift */ = {isa = PBXFileReference; lastKnownFileType = sourcecode.swift; path = HorizontalReviewController.swift; sourceTree = "<group>"; };
		DCD7AD5E29D146CC0074C1B7 /* ReviewCell.swift */ = {isa = PBXFileReference; lastKnownFileType = sourcecode.swift; path = ReviewCell.swift; sourceTree = "<group>"; };
		DCD7AD6029D14D7F0074C1B7 /* Reviews.swift */ = {isa = PBXFileReference; lastKnownFileType = sourcecode.swift; path = Reviews.swift; sourceTree = "<group>"; };
		DCFC098D29C8335200CC2082 /* AppRowCell.swift */ = {isa = PBXFileReference; lastKnownFileType = sourcecode.swift; path = AppRowCell.swift; sourceTree = "<group>"; };
		DCFC098F29C83F2400CC2082 /* AppHeader.swift */ = {isa = PBXFileReference; lastKnownFileType = sourcecode.swift; path = AppHeader.swift; sourceTree = "<group>"; };
		DCFC099129C83FEE00CC2082 /* AppHeaderHorizontalController.swift */ = {isa = PBXFileReference; lastKnownFileType = sourcecode.swift; path = AppHeaderHorizontalController.swift; sourceTree = "<group>"; };
		DCFC099329C841BF00CC2082 /* AppHeaderCell.swift */ = {isa = PBXFileReference; lastKnownFileType = sourcecode.swift; path = AppHeaderCell.swift; sourceTree = "<group>"; };
/* End PBXFileReference section */

/* Begin PBXFrameworksBuildPhase section */
		DCB2CDD329C09FDB00E1CE5A /* Frameworks */ = {
			isa = PBXFrameworksBuildPhase;
			buildActionMask = 2147483647;
			files = (
				2F4D1F8DC159C288795F74EA /* Pods_NewAppStore.framework in Frameworks */,
			);
			runOnlyForDeploymentPostprocessing = 0;
		};
/* End PBXFrameworksBuildPhase section */

/* Begin PBXGroup section */
		1AB9927DB2A8C39CEFDE203C /* Frameworks */ = {
			isa = PBXGroup;
			children = (
				9F4D424A2CF159D3F4657EFC /* Pods_NewAppStore.framework */,
			);
			name = Frameworks;
			sourceTree = "<group>";
		};
		5A8F727EEFD6A7E812585970 /* Pods */ = {
			isa = PBXGroup;
			children = (
				BDD0DC4B1657D86280CF1BAE /* Pods-NewAppStore.debug.xcconfig */,
				AD899D323E7B4505816C8C4F /* Pods-NewAppStore.release.xcconfig */,
			);
			path = Pods;
			sourceTree = "<group>";
		};
		DC22415D29C17AED00A43A22 /* Views */ = {
			isa = PBXGroup;
			children = (
				DCC3DAAB29C5921C009913E0 /* Apps */,
				DCC3DAA829C591E0009913E0 /* Search */,
			);
			path = Views;
			sourceTree = "<group>";
		};
		DC48A7C929C2C0B4006711D3 /* Helpers */ = {
			isa = PBXGroup;
			children = (
				DC48A7CF29C2D690006711D3 /* UIVIew+layout.swift */,
				DC324F5529CC04C300C46245 /* SnappingLayout.swift */,
			);
			path = Helpers;
			sourceTree = "<group>";
		};
		DC48A7CC29C2CA34006711D3 /* Model */ = {
			isa = PBXGroup;
			children = (
				DC48A7CD29C2CA4F006711D3 /* SearchResult.swift */,
				DC7BAA6029C95D0E00ED1547 /* AppGroup.swift */,
				DC701AD829CAB2F600790FFC /* SocialApp.swift */,
				DCD7AD6029D14D7F0074C1B7 /* Reviews.swift */,
			);
			path = Model;
			sourceTree = "<group>";
		};
		DCB2CDCD29C09FDB00E1CE5A = {
			isa = PBXGroup;
			children = (
				DCB2CDD829C09FDB00E1CE5A /* NewAppStore */,
				DCB2CDD729C09FDB00E1CE5A /* Products */,
				5A8F727EEFD6A7E812585970 /* Pods */,
				1AB9927DB2A8C39CEFDE203C /* Frameworks */,
			);
			sourceTree = "<group>";
		};
		DCB2CDD729C09FDB00E1CE5A /* Products */ = {
			isa = PBXGroup;
			children = (
				DCB2CDD629C09FDB00E1CE5A /* NewAppStore.app */,
			);
			name = Products;
			sourceTree = "<group>";
		};
		DCB2CDD829C09FDB00E1CE5A /* NewAppStore */ = {
			isa = PBXGroup;
			children = (
				DCBB2E0029C4B51C00D33528 /* Service */,
				DC48A7C929C2C0B4006711D3 /* Helpers */,
				DC48A7CC29C2CA34006711D3 /* Model */,
				DC22415D29C17AED00A43A22 /* Views */,
				DCB6ABB129C171F600B3BF4E /* Controllers */,
				DCB2CDD929C09FDB00E1CE5A /* AppDelegate.swift */,
				DCB2CDDB29C09FDB00E1CE5A /* SceneDelegate.swift */,
				DCB2CDDD29C09FDB00E1CE5A /* ViewController.swift */,
				DCB2CDDF29C09FDB00E1CE5A /* Main.storyboard */,
				DCB2CDE229C09FDD00E1CE5A /* Assets.xcassets */,
				DCB2CDE429C09FDD00E1CE5A /* LaunchScreen.storyboard */,
				DCB2CDE729C09FDD00E1CE5A /* Info.plist */,
			);
			path = NewAppStore;
			sourceTree = "<group>";
		};
		DCB6ABB129C171F600B3BF4E /* Controllers */ = {
			isa = PBXGroup;
			children = (
				DCB2CDEF29C0A12600E1CE5A /* BaseTabBarController.swift */,
				DC324F5729CC04DF00C46245 /* HorizontalSnappingController.swift */,
				DCC3DAA529C590F3009913E0 /* Apps */,
				DCC3DAA429C590E8009913E0 /* Search */,
			);
			path = Controllers;
			sourceTree = "<group>";
		};
		DCBB2E0029C4B51C00D33528 /* Service */ = {
			isa = PBXGroup;
			children = (
				DCBB2E0129C4B52900D33528 /* Service.swift */,
			);
			path = Service;
			sourceTree = "<group>";
		};
		DCC3DAA429C590E8009913E0 /* Search */ = {
			isa = PBXGroup;
			children = (
				DCB6ABB229C1728100B3BF4E /* SearchController.swift */,
			);
			path = Search;
			sourceTree = "<group>";
		};
		DCC3DAA529C590F3009913E0 /* Apps */ = {
			isa = PBXGroup;
			children = (
				DCC3DAA629C5910E009913E0 /* AppsController.swift */,
				DCC3DAAC29C59405009913E0 /* AppsHorizontalController.swift */,
				DCFC099129C83FEE00CC2082 /* AppHeaderHorizontalController.swift */,
				DCCA96DE29CD4E8300CBB46C /* Details */,
			);
			path = Apps;
			sourceTree = "<group>";
		};
		DCC3DAA829C591E0009913E0 /* Search */ = {
			isa = PBXGroup;
			children = (
				DC22415E29C17B2200A43A22 /* SearchResultCollectionViewCell.swift */,
			);
			path = Search;
			sourceTree = "<group>";
		};
		DCC3DAAB29C5921C009913E0 /* Apps */ = {
			isa = PBXGroup;
			children = (
				DCC3DAA929C591FE009913E0 /* AppsCollectionViewCell.swift */,
				DCFC098D29C8335200CC2082 /* AppRowCell.swift */,
				DCFC098F29C83F2400CC2082 /* AppHeader.swift */,
				DCFC099329C841BF00CC2082 /* AppHeaderCell.swift */,
				DCC5DA5E29CD566E00A0E79F /* Details */,
			);
			path = Apps;
			sourceTree = "<group>";
		};
		DCC5DA5E29CD566E00A0E79F /* Details */ = {
			isa = PBXGroup;
			children = (
				DCC5DA6129CD5C4D00A0E79F /* AppDetailsCell.swift */,
				DC7DD56E29CEB21500BB9858 /* PreviewCell.swift */,
				DC7DD57229CEBAFD00BB9858 /* ScreenShotCell.swift */,
				DCD7AD5A29D144990074C1B7 /* ReviewRowCell.swift */,
				DCD7AD5E29D146CC0074C1B7 /* ReviewCell.swift */,
			);
			path = Details;
			sourceTree = "<group>";
		};
		DCCA96DE29CD4E8300CBB46C /* Details */ = {
			isa = PBXGroup;
			children = (
				DCCA96DF29CD4E9400CBB46C /* AppDetailsController.swift */,
				DC7DD57029CEB98A00BB9858 /* AppDetailsHorizontalPreviewController.swift */,
				DCD7AD5C29D146010074C1B7 /* HorizontalReviewController.swift */,
			);
			path = Details;
			sourceTree = "<group>";
		};
/* End PBXGroup section */

/* Begin PBXNativeTarget section */
		DCB2CDD529C09FDB00E1CE5A /* NewAppStore */ = {
			isa = PBXNativeTarget;
			buildConfigurationList = DCB2CDEA29C09FDD00E1CE5A /* Build configuration list for PBXNativeTarget "NewAppStore" */;
			buildPhases = (
				0AF9C844C18973C684B15D25 /* [CP] Check Pods Manifest.lock */,
				DCB2CDD229C09FDB00E1CE5A /* Sources */,
				DCB2CDD329C09FDB00E1CE5A /* Frameworks */,
				DCB2CDD429C09FDB00E1CE5A /* Resources */,
				C550AA0BC645422CD2E38BE4 /* [CP] Embed Pods Frameworks */,
			);
			buildRules = (
			);
			dependencies = (
			);
			name = NewAppStore;
			productName = NewAppStore;
			productReference = DCB2CDD629C09FDB00E1CE5A /* NewAppStore.app */;
			productType = "com.apple.product-type.application";
		};
/* End PBXNativeTarget section */

/* Begin PBXProject section */
		DCB2CDCE29C09FDB00E1CE5A /* Project object */ = {
			isa = PBXProject;
			attributes = {
				BuildIndependentTargetsInParallel = 1;
				LastSwiftUpdateCheck = 1340;
				LastUpgradeCheck = 1340;
				TargetAttributes = {
					DCB2CDD529C09FDB00E1CE5A = {
						CreatedOnToolsVersion = 13.4.1;
					};
				};
			};
			buildConfigurationList = DCB2CDD129C09FDB00E1CE5A /* Build configuration list for PBXProject "NewAppStore" */;
			compatibilityVersion = "Xcode 13.0";
			developmentRegion = en;
			hasScannedForEncodings = 0;
			knownRegions = (
				en,
				Base,
			);
			mainGroup = DCB2CDCD29C09FDB00E1CE5A;
			productRefGroup = DCB2CDD729C09FDB00E1CE5A /* Products */;
			projectDirPath = "";
			projectRoot = "";
			targets = (
				DCB2CDD529C09FDB00E1CE5A /* NewAppStore */,
			);
		};
/* End PBXProject section */

/* Begin PBXResourcesBuildPhase section */
		DCB2CDD429C09FDB00E1CE5A /* Resources */ = {
			isa = PBXResourcesBuildPhase;
			buildActionMask = 2147483647;
			files = (
				DCB2CDE629C09FDD00E1CE5A /* LaunchScreen.storyboard in Resources */,
				DCB2CDE329C09FDD00E1CE5A /* Assets.xcassets in Resources */,
				DCB2CDE129C09FDB00E1CE5A /* Main.storyboard in Resources */,
			);
			runOnlyForDeploymentPostprocessing = 0;
		};
/* End PBXResourcesBuildPhase section */

/* Begin PBXShellScriptBuildPhase section */
		0AF9C844C18973C684B15D25 /* [CP] Check Pods Manifest.lock */ = {
			isa = PBXShellScriptBuildPhase;
			buildActionMask = 2147483647;
			files = (
			);
			inputFileListPaths = (
			);
			inputPaths = (
				"${PODS_PODFILE_DIR_PATH}/Podfile.lock",
				"${PODS_ROOT}/Manifest.lock",
			);
			name = "[CP] Check Pods Manifest.lock";
			outputFileListPaths = (
			);
			outputPaths = (
				"$(DERIVED_FILE_DIR)/Pods-NewAppStore-checkManifestLockResult.txt",
			);
			runOnlyForDeploymentPostprocessing = 0;
			shellPath = /bin/sh;
			shellScript = "diff \"${PODS_PODFILE_DIR_PATH}/Podfile.lock\" \"${PODS_ROOT}/Manifest.lock\" > /dev/null\nif [ $? != 0 ] ; then\n    # print error to STDERR\n    echo \"error: The sandbox is not in sync with the Podfile.lock. Run 'pod install' or update your CocoaPods installation.\" >&2\n    exit 1\nfi\n# This output is used by Xcode 'outputs' to avoid re-running this script phase.\necho \"SUCCESS\" > \"${SCRIPT_OUTPUT_FILE_0}\"\n";
			showEnvVarsInLog = 0;
		};
		C550AA0BC645422CD2E38BE4 /* [CP] Embed Pods Frameworks */ = {
			isa = PBXShellScriptBuildPhase;
			buildActionMask = 2147483647;
			files = (
			);
			inputFileListPaths = (
				"${PODS_ROOT}/Target Support Files/Pods-NewAppStore/Pods-NewAppStore-frameworks-${CONFIGURATION}-input-files.xcfilelist",
			);
			name = "[CP] Embed Pods Frameworks";
			outputFileListPaths = (
				"${PODS_ROOT}/Target Support Files/Pods-NewAppStore/Pods-NewAppStore-frameworks-${CONFIGURATION}-output-files.xcfilelist",
			);
			runOnlyForDeploymentPostprocessing = 0;
			shellPath = /bin/sh;
			shellScript = "\"${PODS_ROOT}/Target Support Files/Pods-NewAppStore/Pods-NewAppStore-frameworks.sh\"\n";
			showEnvVarsInLog = 0;
		};
/* End PBXShellScriptBuildPhase section */

/* Begin PBXSourcesBuildPhase section */
		DCB2CDD229C09FDB00E1CE5A /* Sources */ = {
			isa = PBXSourcesBuildPhase;
			buildActionMask = 2147483647;
			files = (
				DCFC099229C83FEE00CC2082 /* AppHeaderHorizontalController.swift in Sources */,
				DC48A7D029C2D690006711D3 /* UIVIew+layout.swift in Sources */,
				DCC3DAAA29C591FE009913E0 /* AppsCollectionViewCell.swift in Sources */,
				DCB2CDF029C0A12600E1CE5A /* BaseTabBarController.swift in Sources */,
				DC7DD56F29CEB21500BB9858 /* PreviewCell.swift in Sources */,
				DC22415F29C17B2200A43A22 /* SearchResultCollectionViewCell.swift in Sources */,
				DCFC099029C83F2400CC2082 /* AppHeader.swift in Sources */,
				DCC5DA6229CD5C4D00A0E79F /* AppDetailsCell.swift in Sources */,
				DC7DD57329CEBAFD00BB9858 /* ScreenShotCell.swift in Sources */,
				DCC3DAA729C5910E009913E0 /* AppsController.swift in Sources */,
				DC48A7CE29C2CA4F006711D3 /* SearchResult.swift in Sources */,
				DCFC099429C841BF00CC2082 /* AppHeaderCell.swift in Sources */,
				DC7BAA6129C95D0E00ED1547 /* AppGroup.swift in Sources */,
				DCD7AD5F29D146CC0074C1B7 /* ReviewCell.swift in Sources */,
				DCB6ABB329C1728100B3BF4E /* SearchController.swift in Sources */,
				DCBB2E0229C4B52900D33528 /* Service.swift in Sources */,
				DCB2CDDE29C09FDB00E1CE5A /* ViewController.swift in Sources */,
				DCB2CDDA29C09FDB00E1CE5A /* AppDelegate.swift in Sources */,
				DCFC098E29C8335200CC2082 /* AppRowCell.swift in Sources */,
				DCCA96E029CD4E9400CBB46C /* AppDetailsController.swift in Sources */,
				DCB2CDDC29C09FDB00E1CE5A /* SceneDelegate.swift in Sources */,
				DCD7AD5D29D146010074C1B7 /* HorizontalReviewController.swift in Sources */,
				DC324F5629CC04C300C46245 /* SnappingLayout.swift in Sources */,
				DC701AD929CAB2F600790FFC /* SocialApp.swift in Sources */,
				DC7DD57129CEB98A00BB9858 /* AppDetailsHorizontalPreviewController.swift in Sources */,
				DCD7AD6129D14D7F0074C1B7 /* Reviews.swift in Sources */,
				DCC3DAAD29C59405009913E0 /* AppsHorizontalController.swift in Sources */,
				DCD7AD5B29D144990074C1B7 /* ReviewRowCell.swift in Sources */,
				DC324F5829CC04DF00C46245 /* HorizontalSnappingController.swift in Sources */,
			);
			runOnlyForDeploymentPostprocessing = 0;
		};
/* End PBXSourcesBuildPhase section */

/* Begin PBXVariantGroup section */
		DCB2CDDF29C09FDB00E1CE5A /* Main.storyboard */ = {
			isa = PBXVariantGroup;
			children = (
				DCB2CDE029C09FDB00E1CE5A /* Base */,
			);
			name = Main.storyboard;
			sourceTree = "<group>";
		};
		DCB2CDE429C09FDD00E1CE5A /* LaunchScreen.storyboard */ = {
			isa = PBXVariantGroup;
			children = (
				DCB2CDE529C09FDD00E1CE5A /* Base */,
			);
			name = LaunchScreen.storyboard;
			sourceTree = "<group>";
		};
/* End PBXVariantGroup section */

/* Begin XCBuildConfiguration section */
		DCB2CDE829C09FDD00E1CE5A /* Debug */ = {
			isa = XCBuildConfiguration;
			buildSettings = {
				ALWAYS_SEARCH_USER_PATHS = NO;
				CLANG_ANALYZER_NONNULL = YES;
				CLANG_ANALYZER_NUMBER_OBJECT_CONVERSION = YES_AGGRESSIVE;
				CLANG_CXX_LANGUAGE_STANDARD = "gnu++17";
				CLANG_ENABLE_MODULES = YES;
				CLANG_ENABLE_OBJC_ARC = YES;
				CLANG_ENABLE_OBJC_WEAK = YES;
				CLANG_WARN_BLOCK_CAPTURE_AUTORELEASING = YES;
				CLANG_WARN_BOOL_CONVERSION = YES;
				CLANG_WARN_COMMA = YES;
				CLANG_WARN_CONSTANT_CONVERSION = YES;
				CLANG_WARN_DEPRECATED_OBJC_IMPLEMENTATIONS = YES;
				CLANG_WARN_DIRECT_OBJC_ISA_USAGE = YES_ERROR;
				CLANG_WARN_DOCUMENTATION_COMMENTS = YES;
				CLANG_WARN_EMPTY_BODY = YES;
				CLANG_WARN_ENUM_CONVERSION = YES;
				CLANG_WARN_INFINITE_RECURSION = YES;
				CLANG_WARN_INT_CONVERSION = YES;
				CLANG_WARN_NON_LITERAL_NULL_CONVERSION = YES;
				CLANG_WARN_OBJC_IMPLICIT_RETAIN_SELF = YES;
				CLANG_WARN_OBJC_LITERAL_CONVERSION = YES;
				CLANG_WARN_OBJC_ROOT_CLASS = YES_ERROR;
				CLANG_WARN_QUOTED_INCLUDE_IN_FRAMEWORK_HEADER = YES;
				CLANG_WARN_RANGE_LOOP_ANALYSIS = YES;
				CLANG_WARN_STRICT_PROTOTYPES = YES;
				CLANG_WARN_SUSPICIOUS_MOVE = YES;
				CLANG_WARN_UNGUARDED_AVAILABILITY = YES_AGGRESSIVE;
				CLANG_WARN_UNREACHABLE_CODE = YES;
				CLANG_WARN__DUPLICATE_METHOD_MATCH = YES;
				COPY_PHASE_STRIP = NO;
				DEBUG_INFORMATION_FORMAT = dwarf;
				ENABLE_STRICT_OBJC_MSGSEND = YES;
				ENABLE_TESTABILITY = YES;
				GCC_C_LANGUAGE_STANDARD = gnu11;
				GCC_DYNAMIC_NO_PIC = NO;
				GCC_NO_COMMON_BLOCKS = YES;
				GCC_OPTIMIZATION_LEVEL = 0;
				GCC_PREPROCESSOR_DEFINITIONS = (
					"DEBUG=1",
					"$(inherited)",
				);
				GCC_WARN_64_TO_32_BIT_CONVERSION = YES;
				GCC_WARN_ABOUT_RETURN_TYPE = YES_ERROR;
				GCC_WARN_UNDECLARED_SELECTOR = YES;
				GCC_WARN_UNINITIALIZED_AUTOS = YES_AGGRESSIVE;
				GCC_WARN_UNUSED_FUNCTION = YES;
				GCC_WARN_UNUSED_VARIABLE = YES;
				IPHONEOS_DEPLOYMENT_TARGET = 15.5;
				MTL_ENABLE_DEBUG_INFO = INCLUDE_SOURCE;
				MTL_FAST_MATH = YES;
				ONLY_ACTIVE_ARCH = YES;
				SDKROOT = iphoneos;
				SWIFT_ACTIVE_COMPILATION_CONDITIONS = DEBUG;
				SWIFT_OPTIMIZATION_LEVEL = "-Onone";
			};
			name = Debug;
		};
		DCB2CDE929C09FDD00E1CE5A /* Release */ = {
			isa = XCBuildConfiguration;
			buildSettings = {
				ALWAYS_SEARCH_USER_PATHS = NO;
				CLANG_ANALYZER_NONNULL = YES;
				CLANG_ANALYZER_NUMBER_OBJECT_CONVERSION = YES_AGGRESSIVE;
				CLANG_CXX_LANGUAGE_STANDARD = "gnu++17";
				CLANG_ENABLE_MODULES = YES;
				CLANG_ENABLE_OBJC_ARC = YES;
				CLANG_ENABLE_OBJC_WEAK = YES;
				CLANG_WARN_BLOCK_CAPTURE_AUTORELEASING = YES;
				CLANG_WARN_BOOL_CONVERSION = YES;
				CLANG_WARN_COMMA = YES;
				CLANG_WARN_CONSTANT_CONVERSION = YES;
				CLANG_WARN_DEPRECATED_OBJC_IMPLEMENTATIONS = YES;
				CLANG_WARN_DIRECT_OBJC_ISA_USAGE = YES_ERROR;
				CLANG_WARN_DOCUMENTATION_COMMENTS = YES;
				CLANG_WARN_EMPTY_BODY = YES;
				CLANG_WARN_ENUM_CONVERSION = YES;
				CLANG_WARN_INFINITE_RECURSION = YES;
				CLANG_WARN_INT_CONVERSION = YES;
				CLANG_WARN_NON_LITERAL_NULL_CONVERSION = YES;
				CLANG_WARN_OBJC_IMPLICIT_RETAIN_SELF = YES;
				CLANG_WARN_OBJC_LITERAL_CONVERSION = YES;
				CLANG_WARN_OBJC_ROOT_CLASS = YES_ERROR;
				CLANG_WARN_QUOTED_INCLUDE_IN_FRAMEWORK_HEADER = YES;
				CLANG_WARN_RANGE_LOOP_ANALYSIS = YES;
				CLANG_WARN_STRICT_PROTOTYPES = YES;
				CLANG_WARN_SUSPICIOUS_MOVE = YES;
				CLANG_WARN_UNGUARDED_AVAILABILITY = YES_AGGRESSIVE;
				CLANG_WARN_UNREACHABLE_CODE = YES;
				CLANG_WARN__DUPLICATE_METHOD_MATCH = YES;
				COPY_PHASE_STRIP = NO;
				DEBUG_INFORMATION_FORMAT = "dwarf-with-dsym";
				ENABLE_NS_ASSERTIONS = NO;
				ENABLE_STRICT_OBJC_MSGSEND = YES;
				GCC_C_LANGUAGE_STANDARD = gnu11;
				GCC_NO_COMMON_BLOCKS = YES;
				GCC_WARN_64_TO_32_BIT_CONVERSION = YES;
				GCC_WARN_ABOUT_RETURN_TYPE = YES_ERROR;
				GCC_WARN_UNDECLARED_SELECTOR = YES;
				GCC_WARN_UNINITIALIZED_AUTOS = YES_AGGRESSIVE;
				GCC_WARN_UNUSED_FUNCTION = YES;
				GCC_WARN_UNUSED_VARIABLE = YES;
				IPHONEOS_DEPLOYMENT_TARGET = 15.5;
				MTL_ENABLE_DEBUG_INFO = NO;
				MTL_FAST_MATH = YES;
				SDKROOT = iphoneos;
				SWIFT_COMPILATION_MODE = wholemodule;
				SWIFT_OPTIMIZATION_LEVEL = "-O";
				VALIDATE_PRODUCT = YES;
			};
			name = Release;
		};
		DCB2CDEB29C09FDD00E1CE5A /* Debug */ = {
			isa = XCBuildConfiguration;
			baseConfigurationReference = BDD0DC4B1657D86280CF1BAE /* Pods-NewAppStore.debug.xcconfig */;
			buildSettings = {
				ASSETCATALOG_COMPILER_APPICON_NAME = AppIcon;
				ASSETCATALOG_COMPILER_GLOBAL_ACCENT_COLOR_NAME = AccentColor;
				CODE_SIGN_STYLE = Automatic;
				CURRENT_PROJECT_VERSION = 1;
				GENERATE_INFOPLIST_FILE = YES;
				INFOPLIST_FILE = NewAppStore/Info.plist;
				INFOPLIST_KEY_UIApplicationSupportsIndirectInputEvents = YES;
				INFOPLIST_KEY_UILaunchStoryboardName = LaunchScreen;
				INFOPLIST_KEY_UIMainStoryboardFile = Main;
				INFOPLIST_KEY_UISupportedInterfaceOrientations_iPad = "UIInterfaceOrientationPortrait UIInterfaceOrientationPortraitUpsideDown UIInterfaceOrientationLandscapeLeft UIInterfaceOrientationLandscapeRight";
				INFOPLIST_KEY_UISupportedInterfaceOrientations_iPhone = "UIInterfaceOrientationPortrait UIInterfaceOrientationLandscapeLeft UIInterfaceOrientationLandscapeRight";
				LD_RUNPATH_SEARCH_PATHS = (
					"$(inherited)",
					"@executable_path/Frameworks",
				);
				MARKETING_VERSION = 1.0;
				PRODUCT_BUNDLE_IDENTIFIER = "-.NewAppStore";
				PRODUCT_NAME = "$(TARGET_NAME)";
				SWIFT_EMIT_LOC_STRINGS = YES;
				SWIFT_VERSION = 5.0;
				TARGETED_DEVICE_FAMILY = "1,2";
			};
			name = Debug;
		};
		DCB2CDEC29C09FDD00E1CE5A /* Release */ = {
			isa = XCBuildConfiguration;
			baseConfigurationReference = AD899D323E7B4505816C8C4F /* Pods-NewAppStore.release.xcconfig */;
			buildSettings = {
				ASSETCATALOG_COMPILER_APPICON_NAME = AppIcon;
				ASSETCATALOG_COMPILER_GLOBAL_ACCENT_COLOR_NAME = AccentColor;
				CODE_SIGN_STYLE = Automatic;
				CURRENT_PROJECT_VERSION = 1;
				GENERATE_INFOPLIST_FILE = YES;
				INFOPLIST_FILE = NewAppStore/Info.plist;
				INFOPLIST_KEY_UIApplicationSupportsIndirectInputEvents = YES;
				INFOPLIST_KEY_UILaunchStoryboardName = LaunchScreen;
				INFOPLIST_KEY_UIMainStoryboardFile = Main;
				INFOPLIST_KEY_UISupportedInterfaceOrientations_iPad = "UIInterfaceOrientationPortrait UIInterfaceOrientationPortraitUpsideDown UIInterfaceOrientationLandscapeLeft UIInterfaceOrientationLandscapeRight";
				INFOPLIST_KEY_UISupportedInterfaceOrientations_iPhone = "UIInterfaceOrientationPortrait UIInterfaceOrientationLandscapeLeft UIInterfaceOrientationLandscapeRight";
				LD_RUNPATH_SEARCH_PATHS = (
					"$(inherited)",
					"@executable_path/Frameworks",
				);
				MARKETING_VERSION = 1.0;
				PRODUCT_BUNDLE_IDENTIFIER = "-.NewAppStore";
				PRODUCT_NAME = "$(TARGET_NAME)";
				SWIFT_EMIT_LOC_STRINGS = YES;
				SWIFT_VERSION = 5.0;
				TARGETED_DEVICE_FAMILY = "1,2";
			};
			name = Release;
		};
/* End XCBuildConfiguration section */

/* Begin XCConfigurationList section */
		DCB2CDD129C09FDB00E1CE5A /* Build configuration list for PBXProject "NewAppStore" */ = {
			isa = XCConfigurationList;
			buildConfigurations = (
				DCB2CDE829C09FDD00E1CE5A /* Debug */,
				DCB2CDE929C09FDD00E1CE5A /* Release */,
			);
			defaultConfigurationIsVisible = 0;
			defaultConfigurationName = Release;
		};
		DCB2CDEA29C09FDD00E1CE5A /* Build configuration list for PBXNativeTarget "NewAppStore" */ = {
			isa = XCConfigurationList;
			buildConfigurations = (
				DCB2CDEB29C09FDD00E1CE5A /* Debug */,
				DCB2CDEC29C09FDD00E1CE5A /* Release */,
			);
			defaultConfigurationIsVisible = 0;
			defaultConfigurationName = Release;
		};
/* End XCConfigurationList section */
	};
	rootObject = DCB2CDCE29C09FDB00E1CE5A /* Project object */;
}
